# This file is @generated by PDM.
# It is not intended for manual editing.

[metadata]
groups = ["default"]
cross_platform = true
static_urls = false
lock_version = "4.3"
content_hash = "sha256:d0044bfc4add3b471e8d80a98f0d1872cc458ab0bd0383119802931f56b0b851"

[[package]]
name = "pyxel"
version = "1.9.18"
requires_python = ">= 3.7"
summary = "A retro game engine for Python"
files = [
    {file = "pyxel-1.9.18-cp37-abi3-macosx_10_12_x86_64.whl", hash = "sha256:36efcd58327076abb7c32270d7aaff19230cc306f4eecc1f197955c443eb5ab9"},
    {file = "pyxel-1.9.18-cp37-abi3-macosx_11_0_arm64.whl", hash = "sha256:a4cb44f91192b87a45dba7e90f89569e75e761fdba1379d8d26de371d6b8b47f"},
    {file = "pyxel-1.9.18-cp37-abi3-manylinux_2_17_aarch64.manylinux2014_aarch64.whl", hash = "sha256:b59f10e32f76c182f7aa05c05fb3cff8c419a0c2f3db2b8a93bcff5e2ea2efb7"},
    {file = "pyxel-1.9.18-cp37-abi3-manylinux_2_17_armv7l.manylinux2014_armv7l.whl", hash = "sha256:f92f27103a3ccd89c5fd328857a2aa43bc7ccbae7d7bdf98b3c1afc3deee5c56"},
    {file = "pyxel-1.9.18-cp37-abi3-manylinux_2_17_i686.manylinux2014_i686.whl", hash = "sha256:fb1a1f1bc3dc9d926c52d190af01aa9af026a9e0684327406575c1b30143f8fd"},
    {file = "pyxel-1.9.18-cp37-abi3-manylinux_2_17_x86_64.manylinux2014_x86_64.whl", hash = "sha256:ef8cf6d16d8a6068a6093101d466986130f5c2fe6efd8364a8d7fee851c3ca53"},
    {file = "pyxel-1.9.18-cp37-abi3-win32.whl", hash = "sha256:bd23151188bd33a3a42f5a492f312ed983a78b4ae7292857822ecc5925d1372d"},
    {file = "pyxel-1.9.18-cp37-abi3-win_amd64.whl", hash = "sha256:531e262e4a51f2ca1967bcdd080b981a4a724ae07b340873075c720a18b1e42d"},
]

[[package]]
name = "wasmsockets"
version = "0.1.4"
requires_python = ">=3.8,<4.0"
summary = "Async interface to Pyodide WebSockets"
dependencies = [
    "websockets<11.0,>=10.4; sys_platform != \"emscripten\"",
]
files = [
    {file = "wasmsockets-0.1.4-py3-none-any.whl", hash = "sha256:a625c9c4a07406143bcacd295a3dbfd9c10775840e530dfcb5f8e071d24e5f23"},
    {file = "wasmsockets-0.1.4.tar.gz", hash = "sha256:bf1f92653784264fd43323c4a0c5cf1b050fa26df746202474baffaf57b092c0"},
]

[[package]]
name = "websockets"
version = "10.4"
requires_python = ">=3.7"
summary = "An implementation of the WebSocket Protocol (RFC 6455 & 7692)"
files = [
    {file = "websockets-10.4-cp311-cp311-macosx_10_9_universal2.whl", hash = "sha256:47a2964021f2110116cc1125b3e6d87ab5ad16dea161949e7244ec583b905bb4"},
    {file = "websockets-10.4-cp311-cp311-macosx_10_9_x86_64.whl", hash = "sha256:e789376b52c295c4946403bd0efecf27ab98f05319df4583d3c48e43c7342c2f"},
    {file = "websockets-10.4-cp311-cp311-macosx_11_0_arm64.whl", hash = "sha256:7d3f0b61c45c3fa9a349cf484962c559a8a1d80dae6977276df8fd1fa5e3cb8c"},
    {file = "websockets-10.4-cp311-cp311-manylinux_2_17_aarch64.manylinux2014_aarch64.whl", hash = "sha256:f55b5905705725af31ccef50e55391621532cd64fbf0bc6f4bac935f0fccec46"},
    {file = "websockets-10.4-cp311-cp311-manylinux_2_5_i686.manylinux1_i686.manylinux_2_17_i686.manylinux2014_i686.whl", hash = "sha256:00c870522cdb69cd625b93f002961ffb0c095394f06ba8c48f17eef7c1541f96"},
    {file = "websockets-10.4-cp311-cp311-manylinux_2_5_x86_64.manylinux1_x86_64.manylinux_2_17_x86_64.manylinux2014_x86_64.whl", hash = "sha256:8f38706e0b15d3c20ef6259fd4bc1700cd133b06c3c1bb108ffe3f8947be15fa"},
    {file = "websockets-10.4-cp311-cp311-musllinux_1_1_aarch64.whl", hash = "sha256:f2c38d588887a609191d30e902df2a32711f708abfd85d318ca9b367258cfd0c"},
    {file = "websockets-10.4-cp311-cp311-musllinux_1_1_i686.whl", hash = "sha256:fe10ddc59b304cb19a1bdf5bd0a7719cbbc9fbdd57ac80ed436b709fcf889106"},
    {file = "websockets-10.4-cp311-cp311-musllinux_1_1_x86_64.whl", hash = "sha256:90fcf8929836d4a0e964d799a58823547df5a5e9afa83081761630553be731f9"},
    {file = "websockets-10.4-cp311-cp311-win32.whl", hash = "sha256:b9968694c5f467bf67ef97ae7ad4d56d14be2751000c1207d31bf3bb8860bae8"},
    {file = "websockets-10.4-cp311-cp311-win_amd64.whl", hash = "sha256:a7a240d7a74bf8d5cb3bfe6be7f21697a28ec4b1a437607bae08ac7acf5b4882"},
    {file = "websockets-10.4-pp37-pypy37_pp73-macosx_10_9_x86_64.whl", hash = "sha256:82ff5e1cae4e855147fd57a2863376ed7454134c2bf49ec604dfe71e446e2193"},
    {file = "websockets-10.4-pp37-pypy37_pp73-manylinux_2_17_aarch64.manylinux2014_aarch64.whl", hash = "sha256:d210abe51b5da0ffdbf7b43eed0cfdff8a55a1ab17abbec4301c9ff077dd0342"},
    {file = "websockets-10.4-pp37-pypy37_pp73-manylinux_2_5_i686.manylinux1_i686.manylinux_2_17_i686.manylinux2014_i686.whl", hash = "sha256:942de28af58f352a6f588bc72490ae0f4ccd6dfc2bd3de5945b882a078e4e179"},
    {file = "websockets-10.4-pp37-pypy37_pp73-manylinux_2_5_x86_64.manylinux1_x86_64.manylinux_2_17_x86_64.manylinux2014_x86_64.whl", hash = "sha256:c9b27d6c1c6cd53dc93614967e9ce00ae7f864a2d9f99fe5ed86706e1ecbf485"},
    {file = "websockets-10.4-pp37-pypy37_pp73-win_amd64.whl", hash = "sha256:3d3cac3e32b2c8414f4f87c1b2ab686fa6284a980ba283617404377cd448f631"},
    {file = "websockets-10.4-pp38-pypy38_pp73-macosx_10_9_x86_64.whl", hash = "sha256:da39dd03d130162deb63da51f6e66ed73032ae62e74aaccc4236e30edccddbb0"},
    {file = "websockets-10.4-pp38-pypy38_pp73-manylinux_2_17_aarch64.manylinux2014_aarch64.whl", hash = "sha256:389f8dbb5c489e305fb113ca1b6bdcdaa130923f77485db5b189de343a179393"},
    {file = "websockets-10.4-pp38-pypy38_pp73-manylinux_2_5_i686.manylinux1_i686.manylinux_2_17_i686.manylinux2014_i686.whl", hash = "sha256:09a1814bb15eff7069e51fed0826df0bc0702652b5cb8f87697d469d79c23576"},
    {file = "websockets-10.4-pp38-pypy38_pp73-manylinux_2_5_x86_64.manylinux1_x86_64.manylinux_2_17_x86_64.manylinux2014_x86_64.whl", hash = "sha256:ff64a1d38d156d429404aaa84b27305e957fd10c30e5880d1765c9480bea490f"},
    {file = "websockets-10.4-pp38-pypy38_pp73-win_amd64.whl", hash = "sha256:b343f521b047493dc4022dd338fc6db9d9282658862756b4f6fd0e996c1380e1"},
    {file = "websockets-10.4-pp39-pypy39_pp73-macosx_10_9_x86_64.whl", hash = "sha256:932af322458da7e4e35df32f050389e13d3d96b09d274b22a7aa1808f292fee4"},
    {file = "websockets-10.4-pp39-pypy39_pp73-manylinux_2_17_aarch64.manylinux2014_aarch64.whl", hash = "sha256:d6a4162139374a49eb18ef5b2f4da1dd95c994588f5033d64e0bbfda4b6b6fcf"},
    {file = "websockets-10.4-pp39-pypy39_pp73-manylinux_2_5_i686.manylinux1_i686.manylinux_2_17_i686.manylinux2014_i686.whl", hash = "sha256:c57e4c1349fbe0e446c9fa7b19ed2f8a4417233b6984277cce392819123142d3"},
    {file = "websockets-10.4-pp39-pypy39_pp73-manylinux_2_5_x86_64.manylinux1_x86_64.manylinux_2_17_x86_64.manylinux2014_x86_64.whl", hash = "sha256:b627c266f295de9dea86bd1112ed3d5fafb69a348af30a2422e16590a8ecba13"},
    {file = "websockets-10.4-pp39-pypy39_pp73-win_amd64.whl", hash = "sha256:05a7233089f8bd355e8cbe127c2e8ca0b4ea55467861906b80d2ebc7db4d6b72"},
    {file = "websockets-10.4.tar.gz", hash = "sha256:eef610b23933c54d5d921c92578ae5f89813438fded840c2e9809d378dc765d3"},
]
